
Microsoft Visual Studio Solution File, Format Version 12.00
# Visual Studio Version 17
VisualStudioVersion = 17.12.35521.163 d17.12
MinimumVisualStudioVersion = 10.0.40219.1
Project("{2150E333-8FDC-42A3-9474-1A3956D46DE8}") = "src", "src", "{7A294C30-2FBB-4219-8579-C8E9EBD6178D}"
EndProject
Project("{2150E333-8FDC-42A3-9474-1A3956D46DE8}") = "test", "test", "{D3EA7E15-5446-47CB-BA4B-0190EBFF61F8}"
EndProject
Project("{2150E333-8FDC-42A3-9474-1A3956D46DE8}") = "APIs", "APIs", "{786B5EC1-FB9C-41B5-90EF-4B90C9AED9C3}"
EndProject
Project("{2150E333-8FDC-42A3-9474-1A3956D46DE8}") = "Core", "Core", "{1A40F13C-4133-44C2-BBA4-7E62AADD88E0}"
EndProject
Project("{2150E333-8FDC-42A3-9474-1A3956D46DE8}") = "Infrastructure", "Infrastructure", "{B0CAE373-175E-45FC-A1F5-5AADBC674FE1}"
EndProject
Project("{2150E333-8FDC-42A3-9474-1A3956D46DE8}") = "UI", "UI", "{54385FBA-A07D-49CC-8D43-29812136D795}"
EndProject
Project("{2150E333-8FDC-42A3-9474-1A3956D46DE8}") = "Client", "Client", "{9B6597BA-58D6-4BB9-B9E2-D0C851486C08}"
EndProject
Project("{2150E333-8FDC-42A3-9474-1A3956D46DE8}") = "Dashboard", "Dashboard", "{E39B653D-4C11-4272-867C-8AB63DE87917}"
EndProject
Project("{FAE04EC0-301F-11D3-BF4B-00C04F79EFBC}") = "LinkDev.Talabat.APIs", "LinkDev.Talabat.APIs\LinkDev.Talabat.APIs.csproj", "{ED1727C1-1B7C-497B-9E28-B7B0C28D74FA}"
EndProject
Global
	GlobalSection(SolutionConfigurationPlatforms) = preSolution
		Debug|Any CPU = Debug|Any CPU
		Release|Any CPU = Release|Any CPU
	EndGlobalSection
	GlobalSection(ProjectConfigurationPlatforms) = postSolution
		{ED1727C1-1B7C-497B-9E28-B7B0C28D74FA}.Debug|Any CPU.ActiveCfg = Debug|Any CPU
		{ED1727C1-1B7C-497B-9E28-B7B0C28D74FA}.Debug|Any CPU.Build.0 = Debug|Any CPU
		{ED1727C1-1B7C-497B-9E28-B7B0C28D74FA}.Release|Any CPU.ActiveCfg = Release|Any CPU
		{ED1727C1-1B7C-497B-9E28-B7B0C28D74FA}.Release|Any CPU.Build.0 = Release|Any CPU
	EndGlobalSection
	GlobalSection(SolutionProperties) = preSolution
		HideSolutionNode = FALSE
	EndGlobalSection
	GlobalSection(NestedProjects) = preSolution
		{786B5EC1-FB9C-41B5-90EF-4B90C9AED9C3} = {7A294C30-2FBB-4219-8579-C8E9EBD6178D}
		{1A40F13C-4133-44C2-BBA4-7E62AADD88E0} = {7A294C30-2FBB-4219-8579-C8E9EBD6178D}
		{B0CAE373-175E-45FC-A1F5-5AADBC674FE1} = {7A294C30-2FBB-4219-8579-C8E9EBD6178D}
		{54385FBA-A07D-49CC-8D43-29812136D795} = {7A294C30-2FBB-4219-8579-C8E9EBD6178D}
		{9B6597BA-58D6-4BB9-B9E2-D0C851486C08} = {54385FBA-A07D-49CC-8D43-29812136D795}
		{E39B653D-4C11-4272-867C-8AB63DE87917} = {54385FBA-A07D-49CC-8D43-29812136D795}
		{ED1727C1-1B7C-497B-9E28-B7B0C28D74FA} = {786B5EC1-FB9C-41B5-90EF-4B90C9AED9C3}
	EndGlobalSection
EndGlobal
