
Microsoft Visual Studio Solution File, Format Version 12.00
# Visual Studio Version 17
VisualStudioVersion = 17.12.35521.163
MinimumVisualStudioVersion = 10.0.40219.1
Project("{2150E333-8FDC-42A3-9474-1A3956D46DE8}") = "src", "src", "{7A294C30-2FBB-4219-8579-C8E9EBD6178D}"
EndProject
Project("{2150E333-8FDC-42A3-9474-1A3956D46DE8}") = "test", "test", "{D3EA7E15-5446-47CB-BA4B-0190EBFF61F8}"
EndProject
Project("{2150E333-8FDC-42A3-9474-1A3956D46DE8}") = "APIs", "APIs", "{786B5EC1-FB9C-41B5-90EF-4B90C9AED9C3}"
EndProject
Project("{2150E333-8FDC-42A3-9474-1A3956D46DE8}") = "Core", "Core", "{1A40F13C-4133-44C2-BBA4-7E62AADD88E0}"
EndProject
Project("{2150E333-8FDC-42A3-9474-1A3956D46DE8}") = "Infrastructure", "Infrastructure", "{B0CAE373-175E-45FC-A1F5-5AADBC674FE1}"
EndProject
Project("{2150E333-8FDC-42A3-9474-1A3956D46DE8}") = "UI", "UI", "{54385FBA-A07D-49CC-8D43-29812136D795}"
EndProject
Project("{2150E333-8FDC-42A3-9474-1A3956D46DE8}") = "Client", "Client", "{9B6597BA-58D6-4BB9-B9E2-D0C851486C08}"
EndProject
Project("{2150E333-8FDC-42A3-9474-1A3956D46DE8}") = "Dashboard", "Dashboard", "{E39B653D-4C11-4272-867C-8AB63DE87917}"
EndProject
Project("{FAE04EC0-301F-11D3-BF4B-00C04F79EFBC}") = "LinkDev.Talabat.APIs", "LinkDev.Talabat.APIs\LinkDev.Talabat.APIs.csproj", "{ED1727C1-1B7C-497B-9E28-B7B0C28D74FA}"
EndProject
Project("{FAE04EC0-301F-11D3-BF4B-00C04F79EFBC}") = "LinkDev.Talabat.APIs.Controllers", "LinkDev.Talabat.APIs.Controllers\LinkDev.Talabat.APIs.Controllers.csproj", "{3B09784A-11AC-4014-B495-972E24C73E9A}"
EndProject
Project("{FAE04EC0-301F-11D3-BF4B-00C04F79EFBC}") = "LinkDev.Talabat.Domain", "LinkDev.Talabat.Domain\LinkDev.Talabat.Domain.csproj", "{1D4AE1BA-EC01-4E0C-838E-AF95DFF5DD18}"
EndProject
Project("{FAE04EC0-301F-11D3-BF4B-00C04F79EFBC}") = "LinkDev.Talabat.Application", "LinkDev.Talabat.Application\LinkDev.Talabat.Application.csproj", "{FFA3CEB1-583D-47A4-9301-7C53619BD42A}"
EndProject
Project("{FAE04EC0-301F-11D3-BF4B-00C04F79EFBC}") = "LinkDev.Talabat.Application.Abstraction", "LinkDev.Talabat.Application.Abstraction\LinkDev.Talabat.Application.Abstraction.csproj", "{8590BB49-BABC-4E47-8B56-1ECDB2F6F0B5}"
EndProject
Project("{FAE04EC0-301F-11D3-BF4B-00C04F79EFBC}") = "LinkDev.Talabat.Infrastructure", "LinkDev.Talabat.Infrastructure\LinkDev.Talabat.Infrastructure.csproj", "{E9C1DBA2-6BBD-4E6D-9715-02A31BD9D7DD}"
EndProject
Project("{FAE04EC0-301F-11D3-BF4B-00C04F79EFBC}") = "LinkDev.Talabat.Infrastructure.Persistence", "LinkDev.Talabat.Infrastructure.Persistence\LinkDev.Talabat.Infrastructure.Persistence.csproj", "{92DFC22D-2E04-4B3C-81DC-B217401F3016}"
EndProject
Project("{54A90642-561A-4BB1-A94E-469ADEE60C69}") = "LinkDev.Talabat.Client", "LinkDev.Talabat.Client\LinkDev.Talabat.Client.esproj", "{08B06565-E287-4919-B857-EF727146E8D5}"
EndProject
Project("{FAE04EC0-301F-11D3-BF4B-00C04F79EFBC}") = "LinkDev.Talabat.Dashboard", "LinkDev.Talabat.Dashboard\LinkDev.Talabat.Dashboard.csproj", "{BD483E2A-6924-447A-BDB1-8C9F0A68C319}"
EndProject
Global
	GlobalSection(SolutionConfigurationPlatforms) = preSolution
		Debug|Any CPU = Debug|Any CPU
		Release|Any CPU = Release|Any CPU
	EndGlobalSection
	GlobalSection(ProjectConfigurationPlatforms) = postSolution
		{ED1727C1-1B7C-497B-9E28-B7B0C28D74FA}.Debug|Any CPU.ActiveCfg = Debug|Any CPU
		{ED1727C1-1B7C-497B-9E28-B7B0C28D74FA}.Debug|Any CPU.Build.0 = Debug|Any CPU
		{ED1727C1-1B7C-497B-9E28-B7B0C28D74FA}.Release|Any CPU.ActiveCfg = Release|Any CPU
		{ED1727C1-1B7C-497B-9E28-B7B0C28D74FA}.Release|Any CPU.Build.0 = Release|Any CPU
		{3B09784A-11AC-4014-B495-972E24C73E9A}.Debug|Any CPU.ActiveCfg = Debug|Any CPU
		{3B09784A-11AC-4014-B495-972E24C73E9A}.Debug|Any CPU.Build.0 = Debug|Any CPU
		{3B09784A-11AC-4014-B495-972E24C73E9A}.Release|Any CPU.ActiveCfg = Release|Any CPU
		{3B09784A-11AC-4014-B495-972E24C73E9A}.Release|Any CPU.Build.0 = Release|Any CPU
		{1D4AE1BA-EC01-4E0C-838E-AF95DFF5DD18}.Debug|Any CPU.ActiveCfg = Debug|Any CPU
		{1D4AE1BA-EC01-4E0C-838E-AF95DFF5DD18}.Debug|Any CPU.Build.0 = Debug|Any CPU
		{1D4AE1BA-EC01-4E0C-838E-AF95DFF5DD18}.Release|Any CPU.ActiveCfg = Release|Any CPU
		{1D4AE1BA-EC01-4E0C-838E-AF95DFF5DD18}.Release|Any CPU.Build.0 = Release|Any CPU
		{FFA3CEB1-583D-47A4-9301-7C53619BD42A}.Debug|Any CPU.ActiveCfg = Debug|Any CPU
		{FFA3CEB1-583D-47A4-9301-7C53619BD42A}.Debug|Any CPU.Build.0 = Debug|Any CPU
		{FFA3CEB1-583D-47A4-9301-7C53619BD42A}.Release|Any CPU.ActiveCfg = Release|Any CPU
		{FFA3CEB1-583D-47A4-9301-7C53619BD42A}.Release|Any CPU.Build.0 = Release|Any CPU
		{8590BB49-BABC-4E47-8B56-1ECDB2F6F0B5}.Debug|Any CPU.ActiveCfg = Debug|Any CPU
		{8590BB49-BABC-4E47-8B56-1ECDB2F6F0B5}.Debug|Any CPU.Build.0 = Debug|Any CPU
		{8590BB49-BABC-4E47-8B56-1ECDB2F6F0B5}.Release|Any CPU.ActiveCfg = Release|Any CPU
		{8590BB49-BABC-4E47-8B56-1ECDB2F6F0B5}.Release|Any CPU.Build.0 = Release|Any CPU
		{E9C1DBA2-6BBD-4E6D-9715-02A31BD9D7DD}.Debug|Any CPU.ActiveCfg = Debug|Any CPU
		{E9C1DBA2-6BBD-4E6D-9715-02A31BD9D7DD}.Debug|Any CPU.Build.0 = Debug|Any CPU
		{E9C1DBA2-6BBD-4E6D-9715-02A31BD9D7DD}.Release|Any CPU.ActiveCfg = Release|Any CPU
		{E9C1DBA2-6BBD-4E6D-9715-02A31BD9D7DD}.Release|Any CPU.Build.0 = Release|Any CPU
		{92DFC22D-2E04-4B3C-81DC-B217401F3016}.Debug|Any CPU.ActiveCfg = Debug|Any CPU
		{92DFC22D-2E04-4B3C-81DC-B217401F3016}.Debug|Any CPU.Build.0 = Debug|Any CPU
		{92DFC22D-2E04-4B3C-81DC-B217401F3016}.Release|Any CPU.ActiveCfg = Release|Any CPU
		{92DFC22D-2E04-4B3C-81DC-B217401F3016}.Release|Any CPU.Build.0 = Release|Any CPU
		{08B06565-E287-4919-B857-EF727146E8D5}.Debug|Any CPU.ActiveCfg = Debug|Any CPU
		{08B06565-E287-4919-B857-EF727146E8D5}.Debug|Any CPU.Build.0 = Debug|Any CPU
		{08B06565-E287-4919-B857-EF727146E8D5}.Debug|Any CPU.Deploy.0 = Debug|Any CPU
		{08B06565-E287-4919-B857-EF727146E8D5}.Release|Any CPU.ActiveCfg = Release|Any CPU
		{08B06565-E287-4919-B857-EF727146E8D5}.Release|Any CPU.Build.0 = Release|Any CPU
		{08B06565-E287-4919-B857-EF727146E8D5}.Release|Any CPU.Deploy.0 = Release|Any CPU
		{BD483E2A-6924-447A-BDB1-8C9F0A68C319}.Debug|Any CPU.ActiveCfg = Debug|Any CPU
		{BD483E2A-6924-447A-BDB1-8C9F0A68C319}.Debug|Any CPU.Build.0 = Debug|Any CPU
		{BD483E2A-6924-447A-BDB1-8C9F0A68C319}.Release|Any CPU.ActiveCfg = Release|Any CPU
		{BD483E2A-6924-447A-BDB1-8C9F0A68C319}.Release|Any CPU.Build.0 = Release|Any CPU
	EndGlobalSection
	GlobalSection(SolutionProperties) = preSolution
		HideSolutionNode = FALSE
	EndGlobalSection
	GlobalSection(NestedProjects) = preSolution
		{786B5EC1-FB9C-41B5-90EF-4B90C9AED9C3} = {7A294C30-2FBB-4219-8579-C8E9EBD6178D}
		{1A40F13C-4133-44C2-BBA4-7E62AADD88E0} = {7A294C30-2FBB-4219-8579-C8E9EBD6178D}
		{B0CAE373-175E-45FC-A1F5-5AADBC674FE1} = {7A294C30-2FBB-4219-8579-C8E9EBD6178D}
		{54385FBA-A07D-49CC-8D43-29812136D795} = {7A294C30-2FBB-4219-8579-C8E9EBD6178D}
		{9B6597BA-58D6-4BB9-B9E2-D0C851486C08} = {54385FBA-A07D-49CC-8D43-29812136D795}
		{E39B653D-4C11-4272-867C-8AB63DE87917} = {54385FBA-A07D-49CC-8D43-29812136D795}
		{ED1727C1-1B7C-497B-9E28-B7B0C28D74FA} = {786B5EC1-FB9C-41B5-90EF-4B90C9AED9C3}
		{3B09784A-11AC-4014-B495-972E24C73E9A} = {786B5EC1-FB9C-41B5-90EF-4B90C9AED9C3}
		{1D4AE1BA-EC01-4E0C-838E-AF95DFF5DD18} = {1A40F13C-4133-44C2-BBA4-7E62AADD88E0}
		{FFA3CEB1-583D-47A4-9301-7C53619BD42A} = {1A40F13C-4133-44C2-BBA4-7E62AADD88E0}
		{8590BB49-BABC-4E47-8B56-1ECDB2F6F0B5} = {1A40F13C-4133-44C2-BBA4-7E62AADD88E0}
		{E9C1DBA2-6BBD-4E6D-9715-02A31BD9D7DD} = {B0CAE373-175E-45FC-A1F5-5AADBC674FE1}
		{92DFC22D-2E04-4B3C-81DC-B217401F3016} = {B0CAE373-175E-45FC-A1F5-5AADBC674FE1}
		{08B06565-E287-4919-B857-EF727146E8D5} = {9B6597BA-58D6-4BB9-B9E2-D0C851486C08}
		{BD483E2A-6924-447A-BDB1-8C9F0A68C319} = {E39B653D-4C11-4272-867C-8AB63DE87917}
	EndGlobalSection
EndGlobal
